
Microsoft Visual Studio Solution File, Format Version 12.00
Project("{FAE04EC0-301F-11D3-BF4B-00C04F79EFBC}") = "RetroCSV.Web", "RetroCSV.Web\RetroCSV.Web.csproj", "{CF101747-CB3A-4D61-9411-202E5307D060}"
EndProject
Project("{FAE04EC0-301F-11D3-BF4B-00C04F79EFBC}") = "RetroCSV.Application", "RetroCSV.Application\RetroCSV.Application.csproj", "{D4BD152F-BB5D-4D97-A3BC-D6C5562B16BA}"
EndProject
Project("{2150E333-8FDC-42A3-9474-1A3956D46DE8}") = "src", "src", "{0F944CD4-F9B5-420C-9B68-7E29DAAD8C8E}"
EndProject
Project("{FAE04EC0-301F-11D3-BF4B-00C04F79EFBC}") = "RetroCSV.SharedKernel", "RetroCSV.SharedKernel\RetroCSV.SharedKernel.csproj", "{D5399FE8-E755-4201-9276-9B8B43F40967}"
EndProject
Project("{FAE04EC0-301F-11D3-BF4B-00C04F79EFBC}") = "RetroCSV.Infrastructure", "RetroCSV.Infrastructure\RetroCSV.Infrastructure.csproj", "{F9A79F0C-3DC1-41B3-8465-97604D2E259F}"
EndProject
Project("{2150E333-8FDC-42A3-9474-1A3956D46DE8}") = "RetroCSV.Core", "RetroCSV.Core", "{AE93C571-DD39-438A-86E6-9521A06F6CD7}"
EndProject
Project("{2150E333-8FDC-42A3-9474-1A3956D46DE8}") = "RetroCSV.Infrastructure", "RetroCSV.Infrastructure", "{66DD649C-A516-4AAF-B95A-AF766C7A7B42}"
EndProject
Project("{2150E333-8FDC-42A3-9474-1A3956D46DE8}") = "RetroCSV.API", "RetroCSV.API", "{5CBFC1AC-EC5A-46A6-A633-119FFE52812A}"
EndProject
Global
	GlobalSection(SolutionConfigurationPlatforms) = preSolution
		Debug|Any CPU = Debug|Any CPU
		Release|Any CPU = Release|Any CPU
	EndGlobalSection
	GlobalSection(ProjectConfigurationPlatforms) = postSolution
		{CF101747-CB3A-4D61-9411-202E5307D060}.Debug|Any CPU.ActiveCfg = Debug|Any CPU
		{CF101747-CB3A-4D61-9411-202E5307D060}.Debug|Any CPU.Build.0 = Debug|Any CPU
		{CF101747-CB3A-4D61-9411-202E5307D060}.Release|Any CPU.ActiveCfg = Release|Any CPU
		{CF101747-CB3A-4D61-9411-202E5307D060}.Release|Any CPU.Build.0 = Release|Any CPU
		{D4BD152F-BB5D-4D97-A3BC-D6C5562B16BA}.Debug|Any CPU.ActiveCfg = Debug|Any CPU
		{D4BD152F-BB5D-4D97-A3BC-D6C5562B16BA}.Debug|Any CPU.Build.0 = Debug|Any CPU
		{D4BD152F-BB5D-4D97-A3BC-D6C5562B16BA}.Release|Any CPU.ActiveCfg = Release|Any CPU
		{D4BD152F-BB5D-4D97-A3BC-D6C5562B16BA}.Release|Any CPU.Build.0 = Release|Any CPU
		{D5399FE8-E755-4201-9276-9B8B43F40967}.Debug|Any CPU.ActiveCfg = Debug|Any CPU
		{D5399FE8-E755-4201-9276-9B8B43F40967}.Debug|Any CPU.Build.0 = Debug|Any CPU
		{D5399FE8-E755-4201-9276-9B8B43F40967}.Release|Any CPU.ActiveCfg = Release|Any CPU
		{D5399FE8-E755-4201-9276-9B8B43F40967}.Release|Any CPU.Build.0 = Release|Any CPU
		{F9A79F0C-3DC1-41B3-8465-97604D2E259F}.Debug|Any CPU.ActiveCfg = Debug|Any CPU
		{F9A79F0C-3DC1-41B3-8465-97604D2E259F}.Debug|Any CPU.Build.0 = Debug|Any CPU
		{F9A79F0C-3DC1-41B3-8465-97604D2E259F}.Release|Any CPU.ActiveCfg = Release|Any CPU
		{F9A79F0C-3DC1-41B3-8465-97604D2E259F}.Release|Any CPU.Build.0 = Release|Any CPU
	EndGlobalSection
	GlobalSection(NestedProjects) = preSolution
		{AE93C571-DD39-438A-86E6-9521A06F6CD7} = {0F944CD4-F9B5-420C-9B68-7E29DAAD8C8E}
		{D4BD152F-BB5D-4D97-A3BC-D6C5562B16BA} = {AE93C571-DD39-438A-86E6-9521A06F6CD7}
		{D5399FE8-E755-4201-9276-9B8B43F40967} = {AE93C571-DD39-438A-86E6-9521A06F6CD7}
		{66DD649C-A516-4AAF-B95A-AF766C7A7B42} = {0F944CD4-F9B5-420C-9B68-7E29DAAD8C8E}
		{F9A79F0C-3DC1-41B3-8465-97604D2E259F} = {66DD649C-A516-4AAF-B95A-AF766C7A7B42}
		{5CBFC1AC-EC5A-46A6-A633-119FFE52812A} = {0F944CD4-F9B5-420C-9B68-7E29DAAD8C8E}
		{CF101747-CB3A-4D61-9411-202E5307D060} = {5CBFC1AC-EC5A-46A6-A633-119FFE52812A}
	EndGlobalSection
EndGlobal
